<?xml version="1.0" encoding="utf-8"?>
<!-- Copyright (c) 2015-2019 LunarG, Inc. -->
<Project ToolsVersion="4.0" xmlns="http://schemas.microsoft.com/developer/msbuild/2003">
  <ItemGroup>
    <Filter Include="Source Files">
      <UniqueIdentifier>{4FC737F1-C7A5-4376-A066-2A32D752A2FF}</UniqueIdentifier>
      <Extensions>cpp;c;cc;cxx;def;odl;idl;hpj;bat;asm;asmx</Extensions>
    </Filter>
    <Filter Include="Header Files">
      <UniqueIdentifier>{93995380-89BD-4b04-88EB-625FBE52EBFB}</UniqueIdentifier>
      <Extensions>h;hh;hpp;hxx;hm;inl;inc;xsd</Extensions>
    </Filter>
    <Filter Include="Others">
      <UniqueIdentifier>{40dadaec-6794-4702-ba34-e746fafe279f}</UniqueIdentifier>
    </Filter>
    <Filter Include="Scripts">
      <UniqueIdentifier>{49ad9f41-2ce2-4646-a5db-17397c2d92b9}</UniqueIdentifier>
    </Filter>
    <Filter Include="Shaders">
      <UniqueIdentifier>{34fc3224-3e28-4b59-9af0-254d1bf7918a}</UniqueIdentifier>
    </Filter>
    <Filter Include="ImGUI">
      <UniqueIdentifier>{331d408f-a446-4017-8f70-6aa0b90bfa51}</UniqueIdentifier>
    </Filter>
  </ItemGroup>
  <ItemGroup>
    <ClCompile Include="main.cpp">
      <Filter>Source Files</Filter>
    </ClCompile>
    <ClCompile Include="Source\renderer.cpp">
      <Filter>Source Files</Filter>
    </ClCompile>
    <ClCompile Include="Source\mesh.cpp">
      <Filter>Source Files</Filter>
    </ClCompile>
    <ClCompile Include="Source\model.cpp">
      <Filter>Source Files</Filter>
    </ClCompile>
    <ClCompile Include="Source\camera.cpp">
      <Filter>Source Files</Filter>
    </ClCompile>
    <ClCompile Include="source\GameObject.cpp">
      <Filter>Source Files</Filter>
    </ClCompile>
    <ClCompile Include="source\Universal.cpp">
      <Filter>Source Files</Filter>
    </ClCompile>
    <ClCompile Include="Source\SceneLoader.cpp">
      <Filter>Source Files</Filter>
    </ClCompile>
    <ClCompile Include="Source\time.cpp">
      <Filter>Source Files</Filter>
    </ClCompile>
    <ClCompile Include="Source\script.cpp">
      <Filter>Source Files</Filter>
    </ClCompile>
    <ClCompile Include="Source\Input.cpp">
      <Filter>Source Files</Filter>
    </ClCompile>
    <ClCompile Include="Scripts\camera_script.cpp">
      <Filter>Scripts</Filter>
    </ClCompile>
    <ClCompile Include="Scripts\test_script1.cpp">
      <Filter>Scripts</Filter>
    </ClCompile>
    <ClCompile Include="imgui\backends\imgui_impl_sdl.cpp">
      <Filter>ImGUI</Filter>
    </ClCompile>
    <ClCompile Include="imgui\backends\imgui_impl_vulkan.cpp">
      <Filter>ImGUI</Filter>
    </ClCompile>
    <ClCompile Include="imgui\imgui.cpp">
      <Filter>ImGUI</Filter>
    </ClCompile>
    <ClCompile Include="imgui\imgui_draw.cpp">
      <Filter>ImGUI</Filter>
    </ClCompile>
    <ClCompile Include="imgui\imgui_demo.cpp">
      <Filter>ImGUI</Filter>
    </ClCompile>
    <ClCompile Include="imgui\imgui_tables.cpp">
      <Filter>ImGUI</Filter>
    </ClCompile>
    <ClCompile Include="imgui\imgui_widgets.cpp">
      <Filter>ImGUI</Filter>
    </ClCompile>
  </ItemGroup>
  <ItemGroup>
    <ClInclude Include="Include\Arjet\renderer.h">
      <Filter>Header Files</Filter>
    </ClInclude>
    <ClInclude Include="include\Arjet\shader.h">
      <Filter>Header Files</Filter>
    </ClInclude>
    <ClInclude Include="include\Arjet\vertex.h">
      <Filter>Header Files</Filter>
    </ClInclude>
    <ClInclude Include="Include\arjet\mesh.h">
      <Filter>Header Files</Filter>
    </ClInclude>
    <ClInclude Include="Include\arjet\UBO.h">
      <Filter>Header Files</Filter>
    </ClInclude>
    <ClInclude Include="Include\arjet\model.h">
      <Filter>Header Files</Filter>
    </ClInclude>
    <ClInclude Include="Include\arjet\input.h">
      <Filter>Header Files</Filter>
    </ClInclude>
    <ClInclude Include="Include\arjet\camera.h">
      <Filter>Header Files</Filter>
    </ClInclude>
    <ClInclude Include="Include\arjet\time.h">
      <Filter>Header Files</Filter>
    </ClInclude>
    <ClInclude Include="Include\arjet\Component.h">
      <Filter>Header Files</Filter>
    </ClInclude>
    <ClInclude Include="Include\arjet\GameObject.h">
      <Filter>Header Files</Filter>
    </ClInclude>
    <ClInclude Include="Include\arjet\Transform.h">
      <Filter>Header Files</Filter>
    </ClInclude>
    <ClInclude Include="Include\arjet\Universal.h">
      <Filter>Header Files</Filter>
    </ClInclude>
    <ClInclude Include="Include\arjet\SceneLoader.h">
      <Filter>Header Files</Filter>
    </ClInclude>
    <ClInclude Include="Include\arjet\script.h">
      <Filter>Header Files</Filter>
    </ClInclude>
    <ClInclude Include="Scripts\test_script1.h">
      <Filter>Scripts</Filter>
    </ClInclude>
    <ClInclude Include="Scripts\camera_script.h">
      <Filter>Scripts</Filter>
    </ClInclude>
    <ClInclude Include="imgui\backends\imgui_impl_sdl.h">
      <Filter>ImGUI</Filter>
    </ClInclude>
    <ClInclude Include="imgui\backends\imgui_impl_vulkan.h">
      <Filter>ImGUI</Filter>
    </ClInclude>
    <ClInclude Include="imgui\imconfig.h">
      <Filter>ImGUI</Filter>
    </ClInclude>
    <ClInclude Include="imgui\imgui.h">
      <Filter>ImGUI</Filter>
    </ClInclude>
  </ItemGroup>
  <ItemGroup>
    <Text Include="Scenes\test.txt">
      <Filter>Others</Filter>
    </Text>
  </ItemGroup>
  <ItemGroup>
    <None Include="Shaders\light.frag">
      <Filter>Shaders</Filter>
    </None>
    <None Include="Shaders\light.vert">
      <Filter>Shaders</Filter>
    </None>
    <None Include="Shaders\shader1.frag">
      <Filter>Shaders</Filter>
    </None>
    <None Include="Shaders\shader1.vert">
      <Filter>Shaders</Filter>
    </None>
  </ItemGroup>
</Project>